{
  "object": {
    "pins": [
      {
        "package": "MagicaVoxel",
        "repositoryURL": "https://github.com/markdaws/MagicaVoxel",
        "state": {
          "branch": null,
          "revision": "7fc575da31bd30b54eb60060bd2a6bfd159ac55b",
          "version": "1.0.0"
        }
      },
      {
        "package": "Toy3D",
        "repositoryURL": "https://github.com/markdaws/Toy3D.git",
        "state": {
          "branch": null,
          "revision": "7e8eae01e3cd8218f5463ad8ebd8aff8f52a3d12",
          "version": "1.5.0"
        }
      },
      {
        "package": "Utils",
        "repositoryURL": "https://github.com/markdaws/Utils",
        "state": {
          "branch": null,
          "revision": "0b35ac9c769ae5beecd985a7ea6edc8b5589e4a2",
          "version": "1.1.0"
        }
      }
    ]
  },
  "version": 1
}
